// !$*UTF8*$!
{
	archiveVersion = 1;
	classes = {
	};
	objectVersion = 56;
	objects = {

/* Begin PBXBuildFile section */
		A61178806BBEE92BC4CDF416 /* ContentView.swift in Sources */ = {isa = PBXBuildFile; fileRef = 6B2D4218E11F50B42835DB4C /* ContentView.swift */; };
		220F363A1CDB355961AEAFB4 /* NicoraApp.swift in Sources */ = {isa = PBXBuildFile; fileRef = B48AE579FECED2AA552C0617 /* NicoraApp.swift */; };
		981B278481B6B8643070F275 /* SmokeLogStoringMock.swift in Sources */ = {isa = PBXBuildFile; fileRef = 859951FB90BD03EC94552E4A /* SmokeLogStoringMock.swift */; };
		F71A778DF6219469D4665EAC /* SmokeLogStoring.swift in Sources */ = {isa = PBXBuildFile; fileRef = 0D59EF8D348D4341A49A4650 /* SmokeLogStoring.swift */; };
		8BD597726E4FB9FB864CD94C /* SmokeLog.swift in Sources */ = {isa = PBXBuildFile; fileRef = BC9A8B08658790DBFFB01B38 /* SmokeLog.swift */; };
		4AA4B1BD95F8C850319CD0E1 /* SmokeLogStore.swift in Sources */ = {isa = PBXBuildFile; fileRef = CEFA535746E3FF460CEAA051 /* SmokeLogStore.swift */; };
/* End PBXBuildFile section */

/* Begin PBXFileReference section */
		D2A57DC1D883FD21FB995169 /* Nicora.app */ = {isa = PBXFileReference; explicitFileType = wrapper.application; includeInIndex = 0; path = Nicora.app; sourceTree = BUILT_PRODUCTS_DIR; };
		6B2D4218E11F50B42835DB4C /* ContentView.swift */ = {isa = PBXFileReference; lastKnownFileType = sourcecode.swift; path = ContentView.swift; sourceTree = "<group>"; };
		B48AE579FECED2AA552C0617 /* NicoraApp.swift */ = {isa = PBXFileReference; lastKnownFileType = sourcecode.swift; path = NicoraApp.swift; sourceTree = "<group>"; };
		859951FB90BD03EC94552E4A /* SmokeLogStoringMock.swift */ = {isa = PBXFileReference; lastKnownFileType = sourcecode.swift; path = SmokeLogStoringMock.swift; sourceTree = "<group>"; };
		0D59EF8D348D4341A49A4650 /* SmokeLogStoring.swift */ = {isa = PBXFileReference; lastKnownFileType = sourcecode.swift; path = SmokeLogStoring.swift; sourceTree = "<group>"; };
		BC9A8B08658790DBFFB01B38 /* SmokeLog.swift */ = {isa = PBXFileReference; lastKnownFileType = sourcecode.swift; path = SmokeLog.swift; sourceTree = "<group>"; };
		CEFA535746E3FF460CEAA051 /* SmokeLogStore.swift */ = {isa = PBXFileReference; lastKnownFileType = sourcecode.swift; path = SmokeLogStore.swift; sourceTree = "<group>"; };
/* End PBXFileReference section */

/* Begin PBXFrameworksBuildPhase section */
		4F6F5CC3FCCF73F75AE9CCF4 /* Frameworks */ = {
			isa = PBXFrameworksBuildPhase;
			buildActionMask = 2147483647;
			files = (
			);
			runOnlyForDeploymentPostprocessing = 0;
		};
/* End PBXFrameworksBuildPhase section */

/* Begin PBXGroup section */
		868CCC283A1C1F0C25F5EB57 /* Nicora */ = {
			isa = PBXGroup;
			children = (
				6B2D4218E11F50B42835DB4C /* ContentView.swift */,
				B48AE579FECED2AA552C0617 /* NicoraApp.swift */,
			);
			path = Nicora;
			sourceTree = "<group>";
		};
		C9135086745B5A6FB74F0BC0 /* Mocks */ = {
			isa = PBXGroup;
			children = (
				859951FB90BD03EC94552E4A /* SmokeLogStoringMock.swift */,
			);
			path = Mocks;
			sourceTree = "<group>";
		};
		2F42B9C95A572E32F7F29EAF /* Contracts */ = {
			isa = PBXGroup;
			children = (
				C9135086745B5A6FB74F0BC0 /* Mocks */,
				0D59EF8D348D4341A49A4650 /* SmokeLogStoring.swift */,
			);
			path = Contracts;
			sourceTree = "<group>";
		};
		12C72E929FD0D87E16D239CB /* Persistence */ = {
			isa = PBXGroup;
			children = (
				BC9A8B08658790DBFFB01B38 /* SmokeLog.swift */,
				CEFA535746E3FF460CEAA051 /* SmokeLogStore.swift */,
			);
			path = Persistence;
			sourceTree = "<group>";
		};
		3574DC817698B6A3F635F1EA /* Sources */ = {
			isa = PBXGroup;
			children = (
				2F42B9C95A572E32F7F29EAF /* Contracts */,
				12C72E929FD0D87E16D239CB /* Persistence */,
			);
			path = Sources;
			sourceTree = "<group>";
		};
		8D3FC6DB5D0827F168A73277 = {
			isa = PBXGroup;
			children = (
				868CCC283A1C1F0C25F5EB57 /* Nicora */,
				3574DC817698B6A3F635F1EA /* Sources */,
				86024CAD1E83101D97359D73 /* Products */,
			);
			sourceTree = "<group>";
		};
		86024CAD1E83101D97359D73 /* Products */ = {
			isa = PBXGroup;
			children = (
				D2A57DC1D883FD21FB995169 /* Nicora.app */,
			);
			name = Products;
			sourceTree = "<group>";
		};
/* End PBXGroup section */

/* Begin PBXNativeTarget section */
		42AEFBAE01D2DFD981F7DA7D /* Nicora */ = {
			isa = PBXNativeTarget;
			buildConfigurationList = EAF116FE40D68E4ABB26094B /* Build configuration list for PBXNativeTarget "Nicora" */;
			buildPhases = (
				F2AB5FB218DA8B84623F4557 /* Sources */,
				4F6F5CC3FCCF73F75AE9CCF4 /* Frameworks */,
				55B558C7EF820E6E00E5993B /* Resources */,
			);
			buildRules = (
			);
			dependencies = (
			);
			name = Nicora;
			productName = Nicora;
			productReference = D2A57DC1D883FD21FB995169 /* Nicora.app */;
			productType = "com.apple.product-type.application";
		};
/* End PBXNativeTarget section */

/* Begin PBXProject section */
		46F86FAA6BBF9AC94A7E4595 /* Project object */ = {
			isa = PBXProject;
			attributes = {
				BuildIndependentTargetsInParallel = 1;
				LastSwiftUpdateCheck = 1620;
				LastUpgradeCheck = 1620;
				TargetAttributes = {
					42AEFBAE01D2DFD981F7DA7D = {
						CreatedOnToolsVersion = 16.2;
					};
				};
			};
			buildConfigurationList = 56283EBD6DD86A56CED63937 /* Build configuration list for PBXProject "Nicora" */;
			compatibilityVersion = "Xcode 14.0";
			developmentRegion = en;
			hasScannedForEncodings = 0;
			knownRegions = (
				en,
				Base,
			);
			mainGroup = 8D3FC6DB5D0827F168A73277;
			productRefGroup = 86024CAD1E83101D97359D73 /* Products */;
			projectDirPath = "";
			projectRoot = "";
			targets = (
				42AEFBAE01D2DFD981F7DA7D /* Nicora */,
			);
		};
/* End PBXProject section */

/* Begin PBXResourcesBuildPhase section */
		55B558C7EF820E6E00E5993B /* Resources */ = {
			isa = PBXResourcesBuildPhase;
			buildActionMask = 2147483647;
			files = (
			);
			runOnlyForDeploymentPostprocessing = 0;
		};
/* End PBXResourcesBuildPhase section */

/* Begin PBXSourcesBuildPhase section */
		F2AB5FB218DA8B84623F4557 /* Sources */ = {
			isa = PBXSourcesBuildPhase;
			buildActionMask = 2147483647;
			files = (
				A61178806BBEE92BC4CDF416 /* ContentView.swift in Sources */,
				220F363A1CDB355961AEAFB4 /* NicoraApp.swift in Sources */,
				981B278481B6B8643070F275 /* SmokeLogStoringMock.swift in Sources */,
				F71A778DF6219469D4665EAC /* SmokeLogStoring.swift in Sources */,
				8BD597726E4FB9FB864CD94C /* SmokeLog.swift in Sources */,
				4AA4B1BD95F8C850319CD0E1 /* SmokeLogStore.swift in Sources */,
			);
			runOnlyForDeploymentPostprocessing = 0;
		};
/* End PBXSourcesBuildPhase section */

/* Begin XCBuildConfiguration section */
		FA9139DD8B03E3F922556BF8 /* Debug */ = {
			isa = XCBuildConfiguration;
			buildSettings = {
				ALWAYS_SEARCH_USER_PATHS = NO;
				ASSETCATALOG_COMPILER_GENERATE_SWIFT_ASSET_SYMBOL_EXTENSIONS = YES;
				CLANG_ENABLE_MODULES = YES;
				CLANG_ENABLE_OBJC_ARC = YES;
				CLANG_ENABLE_OBJC_WEAK = YES;
				COPY_PHASE_STRIP = NO;
				DEBUG_INFORMATION_FORMAT = dwarf;
				ENABLE_STRICT_OBJC_MSGSEND = YES;
				ENABLE_TESTABILITY = YES;
				ENABLE_USER_SCRIPT_SANDBOXING = YES;
				GCC_C_LANGUAGE_STANDARD = gnu17;
				GCC_DYNAMIC_NO_PIC = NO;
				GCC_NO_COMMON_BLOCKS = YES;
				GCC_OPTIMIZATION_LEVEL = 0;
				GCC_PREPROCESSOR_DEFINITIONS = (
					"DEBUG=1",
					"$(inherited)",
				);
				IPHONEOS_DEPLOYMENT_TARGET = 17.0;
				MTL_ENABLE_DEBUG_INFO = INCLUDE_SOURCE;
				MTL_FAST_MATH = YES;
				ONLY_ACTIVE_ARCH = YES;
				SDKROOT = iphoneos;
				SWIFT_ACTIVE_COMPILATION_CONDITIONS = "DEBUG $(inherited)";
				SWIFT_OPTIMIZATION_LEVEL = "-Onone";
			};
			name = Debug;
		};
		FFE2104CCFAB79205AC64460 /* Release */ = {
			isa = XCBuildConfiguration;
			buildSettings = {
				ALWAYS_SEARCH_USER_PATHS = NO;
				ASSETCATALOG_COMPILER_GENERATE_SWIFT_ASSET_SYMBOL_EXTENSIONS = YES;
				CLANG_ENABLE_MODULES = YES;
				CLANG_ENABLE_OBJC_ARC = YES;
				CLANG_ENABLE_OBJC_WEAK = YES;
				COPY_PHASE_STRIP = NO;
				DEBUG_INFORMATION_FORMAT = "dwarf-with-dsym";
				ENABLE_NS_ASSERTIONS = NO;
				ENABLE_STRICT_OBJC_MSGSEND = YES;
				ENABLE_USER_SCRIPT_SANDBOXING = YES;
				GCC_C_LANGUAGE_STANDARD = gnu17;
				GCC_NO_COMMON_BLOCKS = YES;
				IPHONEOS_DEPLOYMENT_TARGET = 17.0;
				MTL_ENABLE_DEBUG_INFO = NO;
				MTL_FAST_MATH = YES;
				SDKROOT = iphoneos;
				SWIFT_COMPILATION_MODE = wholemodule;
				VALIDATE_PRODUCT = YES;
			};
			name = Release;
		};
		D8579749783A718541606A67 /* Debug */ = {
			isa = XCBuildConfiguration;
			buildSettings = {
				CODE_SIGN_STYLE = Automatic;
				CURRENT_PROJECT_VERSION = 1;
				GENERATE_INFOPLIST_FILE = YES;
				INFOPLIST_KEY_UIApplicationSceneManifest_Generation = YES;
				INFOPLIST_KEY_UIApplicationSupportsIndirectInputEvents = YES;
				INFOPLIST_KEY_UILaunchScreen_Generation = YES;
				INFOPLIST_KEY_UISupportedInterfaceOrientations_iPad = "UIInterfaceOrientationPortrait UIInterfaceOrientationPortraitUpsideDown UIInterfaceOrientationLandscapeLeft UIInterfaceOrientationLandscapeRight";
				INFOPLIST_KEY_UISupportedInterfaceOrientations_iPhone = "UIInterfaceOrientationPortrait UIInterfaceOrientationLandscapeLeft UIInterfaceOrientationLandscapeRight";
				LD_RUNPATH_SEARCH_PATHS = (
					"$(inherited)",
					"@executable_path/Frameworks",
				);
				MARKETING_VERSION = 1.0;
				PRODUCT_BUNDLE_IDENTIFIER = com.titankill34.nicora;
				PRODUCT_NAME = "$(TARGET_NAME)";
				SWIFT_EMIT_LOC_STRINGS = YES;
				SWIFT_VERSION = 5.0;
				TARGETED_DEVICE_FAMILY = "1,2";
			};
			name = Debug;
		};
		553194FECB7E1C4EBBAFB6CE /* Release */ = {
			isa = XCBuildConfiguration;
			buildSettings = {
				CODE_SIGN_STYLE = Automatic;
				CURRENT_PROJECT_VERSION = 1;
				GENERATE_INFOPLIST_FILE = YES;
				INFOPLIST_KEY_UIApplicationSceneManifest_Generation = YES;
				INFOPLIST_KEY_UIApplicationSupportsIndirectInputEvents = YES;
				INFOPLIST_KEY_UILaunchScreen_Generation = YES;
				INFOPLIST_KEY_UISupportedInterfaceOrientations_iPad = "UIInterfaceOrientationPortrait UIInterfaceOrientationPortraitUpsideDown UIInterfaceOrientationLandscapeLeft UIInterfaceOrientationLandscapeRight";
				INFOPLIST_KEY_UISupportedInterfaceOrientations_iPhone = "UIInterfaceOrientationPortrait UIInterfaceOrientationLandscapeLeft UIInterfaceOrientationLandscapeRight";
				LD_RUNPATH_SEARCH_PATHS = (
					"$(inherited)",
					"@executable_path/Frameworks",
				);
				MARKETING_VERSION = 1.0;
				PRODUCT_BUNDLE_IDENTIFIER = com.titankill34.nicora;
				PRODUCT_NAME = "$(TARGET_NAME)";
				SWIFT_EMIT_LOC_STRINGS = YES;
				SWIFT_VERSION = 5.0;
				TARGETED_DEVICE_FAMILY = "1,2";
			};
			name = Release;
		};
/* End XCBuildConfiguration section */

/* Begin XCConfigurationList section */
		56283EBD6DD86A56CED63937 /* Build configuration list for PBXProject "Nicora" */ = {
			isa = XCConfigurationList;
			buildConfigurations = (
				FA9139DD8B03E3F922556BF8 /* Debug */,
				FFE2104CCFAB79205AC64460 /* Release */,
			);
			defaultConfigurationIsVisible = 0;
			defaultConfigurationName = Release;
		};
		EAF116FE40D68E4ABB26094B /* Build configuration list for PBXNativeTarget "Nicora" */ = {
			isa = XCConfigurationList;
			buildConfigurations = (
				D8579749783A718541606A67 /* Debug */,
				553194FECB7E1C4EBBAFB6CE /* Release */,
			);
			defaultConfigurationIsVisible = 0;
			defaultConfigurationName = Release;
		};
/* End XCConfigurationList section */
	};
	rootObject = 46F86FAA6BBF9AC94A7E4595 /* Project object */;
}
